
Microsoft Visual Studio Solution File, Format Version 12.00
# Visual Studio 15
VisualStudioVersion = 15.0.27703.2035
MinimumVisualStudioVersion = 10.0.40219.1
Project("{FAE04EC0-301F-11D3-BF4B-00C04F79EFBC}") = "PE02.Cruz Vera Elden Humberto", "PE02.Cruz Vera Elden Humberto\PE02.Cruz Vera Elden Humberto.csproj", "{23B8BC8E-F4BD-4794-85EF-2138298F92E7}"
EndProject
Global
	GlobalSection(SolutionConfigurationPlatforms) = preSolution
		Debug|Any CPU = Debug|Any CPU
		Release|Any CPU = Release|Any CPU
	EndGlobalSection
	GlobalSection(ProjectConfigurationPlatforms) = postSolution
		{23B8BC8E-F4BD-4794-85EF-2138298F92E7}.Debug|Any CPU.ActiveCfg = Debug|Any CPU
		{23B8BC8E-F4BD-4794-85EF-2138298F92E7}.Debug|Any CPU.Build.0 = Debug|Any CPU
		{23B8BC8E-F4BD-4794-85EF-2138298F92E7}.Release|Any CPU.ActiveCfg = Release|Any CPU
		{23B8BC8E-F4BD-4794-85EF-2138298F92E7}.Release|Any CPU.Build.0 = Release|Any CPU
	EndGlobalSection
	GlobalSection(SolutionProperties) = preSolution
		HideSolutionNode = FALSE
	EndGlobalSection
	GlobalSection(ExtensibilityGlobals) = postSolution
		SolutionGuid = {0A3F5FCA-56C3-4B2A-887B-B0673FE1AB98}
	EndGlobalSection
EndGlobal
