
Microsoft Visual Studio Solution File, Format Version 12.00
# Visual Studio 15
VisualStudioVersion = 15.0.27004.2009
MinimumVisualStudioVersion = 10.0.40219.1
Project("{FAE04EC0-301F-11D3-BF4B-00C04F79EFBC}") = "PE03.Cruz Vera Elden Humberto", "PE03.Cruz Vera Elden Humberto\PE03.Cruz Vera Elden Humberto.csproj", "{782C7922-E8F3-4A8B-A8BF-E7949968DB3B}"
EndProject
Global
	GlobalSection(SolutionConfigurationPlatforms) = preSolution
		Debug|Any CPU = Debug|Any CPU
		Release|Any CPU = Release|Any CPU
	EndGlobalSection
	GlobalSection(ProjectConfigurationPlatforms) = postSolution
		{782C7922-E8F3-4A8B-A8BF-E7949968DB3B}.Debug|Any CPU.ActiveCfg = Debug|Any CPU
		{782C7922-E8F3-4A8B-A8BF-E7949968DB3B}.Debug|Any CPU.Build.0 = Debug|Any CPU
		{782C7922-E8F3-4A8B-A8BF-E7949968DB3B}.Release|Any CPU.ActiveCfg = Release|Any CPU
		{782C7922-E8F3-4A8B-A8BF-E7949968DB3B}.Release|Any CPU.Build.0 = Release|Any CPU
	EndGlobalSection
	GlobalSection(SolutionProperties) = preSolution
		HideSolutionNode = FALSE
	EndGlobalSection
	GlobalSection(ExtensibilityGlobals) = postSolution
		SolutionGuid = {75688038-44AD-46BA-BCAA-E3604142C886}
	EndGlobalSection
EndGlobal
